
Microsoft Visual Studio Solution File, Format Version 12.00
# Visual Studio Version 17
VisualStudioVersion = 17.11.35327.3
MinimumVisualStudioVersion = 10.0.40219.1
Project("{FAE04EC0-301F-11D3-BF4B-00C04F79EFBC}") = "AdvertApi", "AdvertApi.csproj", "{E94B3642-434D-482F-98B5-309F3F6C5E7F}"
EndProject
Project("{FAE04EC0-301F-11D3-BF4B-00C04F79EFBC}") = "AdvertApi.Models", "..\AdvertApi.Models\AdvertApi.Models.csproj", "{91135DFC-7394-45D3-8F83-98B77F753847}"
EndProject
Global
	GlobalSection(SolutionConfigurationPlatforms) = preSolution
		Debug|Any CPU = Debug|Any CPU
		Release|Any CPU = Release|Any CPU
	EndGlobalSection
	GlobalSection(ProjectConfigurationPlatforms) = postSolution
		{E94B3642-434D-482F-98B5-309F3F6C5E7F}.Debug|Any CPU.ActiveCfg = Debug|Any CPU
		{E94B3642-434D-482F-98B5-309F3F6C5E7F}.Debug|Any CPU.Build.0 = Debug|Any CPU
		{E94B3642-434D-482F-98B5-309F3F6C5E7F}.Release|Any CPU.ActiveCfg = Release|Any CPU
		{E94B3642-434D-482F-98B5-309F3F6C5E7F}.Release|Any CPU.Build.0 = Release|Any CPU
		{91135DFC-7394-45D3-8F83-98B77F753847}.Debug|Any CPU.ActiveCfg = Debug|Any CPU
		{91135DFC-7394-45D3-8F83-98B77F753847}.Debug|Any CPU.Build.0 = Debug|Any CPU
		{91135DFC-7394-45D3-8F83-98B77F753847}.Release|Any CPU.ActiveCfg = Release|Any CPU
		{91135DFC-7394-45D3-8F83-98B77F753847}.Release|Any CPU.Build.0 = Release|Any CPU
	EndGlobalSection
	GlobalSection(SolutionProperties) = preSolution
		HideSolutionNode = FALSE
	EndGlobalSection
	GlobalSection(ExtensibilityGlobals) = postSolution
		SolutionGuid = {BAF9A088-6BB7-441D-A656-FB6073885526}
	EndGlobalSection
EndGlobal
